
Microsoft Visual Studio Solution File, Format Version 12.00
# Visual Studio Version 16
VisualStudioVersion = 16.0.31005.135
MinimumVisualStudioVersion = 10.0.40219.1
Project("{888888A0-9F3D-457C-B088-3A5042F75D52}") = "PythonSerieHorner", "PythonSerieHorner.pyproj", "{56EA1CDD-D84C-48F9-B35C-6EC37D32F0AB}"
EndProject
Global
	GlobalSection(SolutionConfigurationPlatforms) = preSolution
		Debug|Any CPU = Debug|Any CPU
		Release|Any CPU = Release|Any CPU
	EndGlobalSection
	GlobalSection(ProjectConfigurationPlatforms) = postSolution
		{56EA1CDD-D84C-48F9-B35C-6EC37D32F0AB}.Debug|Any CPU.ActiveCfg = Debug|Any CPU
		{56EA1CDD-D84C-48F9-B35C-6EC37D32F0AB}.Release|Any CPU.ActiveCfg = Release|Any CPU
	EndGlobalSection
	GlobalSection(SolutionProperties) = preSolution
		HideSolutionNode = FALSE
	EndGlobalSection
	GlobalSection(ExtensibilityGlobals) = postSolution
		SolutionGuid = {CF064F03-B54B-463C-8B2C-E4DD8062FD9D}
	EndGlobalSection
EndGlobal
